PODS:
  - Charts (4.1.0):
    - Charts/Core (= 4.1.0)
  - Charts/Core (4.1.0):
    - SwiftAlgorithms (~> 1.0)
  - SwiftAlgorithms (1.0.0)
  - TinyConstraints (4.0.2)

DEPENDENCIES:
  - Charts
  - TinyConstraints

SPEC REPOS:
  trunk:
    - Charts
    - SwiftAlgorithms
    - TinyConstraints

SPEC CHECKSUMS:
  Charts: ce0768268078eee0336f122c3c4ca248e4e204c5
  SwiftAlgorithms: 38dda4731d19027fdeee1125f973111bf3386b53
  TinyConstraints: 7b7ccc0c485bb3bb47082138ff28bc33cd49897f

PODFILE CHECKSUM: 2e41491bb61af8e8391f9640cfd57f27ea02b9db

COCOAPODS: 1.13.0
